name: Update Flake Lock

on:
  schedule:
    - cron: '0 23 * * 0' # Every Sunday at 11:00 PM

jobs:
  check-build:
    uses: ./.github/workflows/build-starter-template.yml

  update-flake:
    runs-on: ubuntu-latest
    needs: check-build
    if: ${{ needs.check-build.outputs.build-success == 'true' }}
    steps:
      - name: Checkout repository
        uses: actions/checkout@v3

      - name: Install Nix
        uses: DeterminateSystems/nix-installer-action@main

      - name: Update flake.lock
        uses: DeterminateSystems/update-flake-lock@main
        with:
          pr-title: "Update flake.lock"
          pr-labels: |
            dependencies
            automated
